
Microsoft Visual Studio Solution File, Format Version 12.00
# Visual Studio Version 17
VisualStudioVersion = 17.7.34024.191
MinimumVisualStudioVersion = 10.0.40219.1
Project("{FAE04EC0-301F-11D3-BF4B-00C04F79EFBC}") = "MECH-368_labOne-e5", "MECH-368_labOne-e5.csproj", "{4196CFCA-1516-45DD-B9C1-B35BF2F44441}"
EndProject
Global
	GlobalSection(SolutionConfigurationPlatforms) = preSolution
		Debug|Any CPU = Debug|Any CPU
		Release|Any CPU = Release|Any CPU
	EndGlobalSection
	GlobalSection(ProjectConfigurationPlatforms) = postSolution
		{4196CFCA-1516-45DD-B9C1-B35BF2F44441}.Debug|Any CPU.ActiveCfg = Debug|Any CPU
		{4196CFCA-1516-45DD-B9C1-B35BF2F44441}.Debug|Any CPU.Build.0 = Debug|Any CPU
		{4196CFCA-1516-45DD-B9C1-B35BF2F44441}.Release|Any CPU.ActiveCfg = Release|Any CPU
		{4196CFCA-1516-45DD-B9C1-B35BF2F44441}.Release|Any CPU.Build.0 = Release|Any CPU
	EndGlobalSection
	GlobalSection(SolutionProperties) = preSolution
		HideSolutionNode = FALSE
	EndGlobalSection
	GlobalSection(ExtensibilityGlobals) = postSolution
		SolutionGuid = {2BE57BFB-22E5-43B5-B550-FE493C3BFF4F}
	EndGlobalSection
EndGlobal
